
Microsoft Visual Studio Solution File, Format Version 12.00
# Visual Studio Version 16
VisualStudioVersion = 16.0.31205.134
MinimumVisualStudioVersion = 10.0.40219.1
Project("{9A19103F-16F7-4668-BE54-9A1E7A4F7556}") = "Dziennik", "Dziennik\Dziennik.csproj", "{93CCF821-4D65-483A-B37E-DED0149DDDE9}"
EndProject
Project("{FAE04EC0-301F-11D3-BF4B-00C04F79EFBC}") = "EmailService", "EmailService\EmailService.csproj", "{148728F7-1764-4764-A427-9415BF7A351B}"
EndProject
Global
	GlobalSection(SolutionConfigurationPlatforms) = preSolution
		Debug|Any CPU = Debug|Any CPU
		Release|Any CPU = Release|Any CPU
	EndGlobalSection
	GlobalSection(ProjectConfigurationPlatforms) = postSolution
		{93CCF821-4D65-483A-B37E-DED0149DDDE9}.Debug|Any CPU.ActiveCfg = Debug|Any CPU
		{93CCF821-4D65-483A-B37E-DED0149DDDE9}.Debug|Any CPU.Build.0 = Debug|Any CPU
		{93CCF821-4D65-483A-B37E-DED0149DDDE9}.Release|Any CPU.ActiveCfg = Release|Any CPU
		{93CCF821-4D65-483A-B37E-DED0149DDDE9}.Release|Any CPU.Build.0 = Release|Any CPU
		{148728F7-1764-4764-A427-9415BF7A351B}.Debug|Any CPU.ActiveCfg = Debug|Any CPU
		{148728F7-1764-4764-A427-9415BF7A351B}.Debug|Any CPU.Build.0 = Debug|Any CPU
		{148728F7-1764-4764-A427-9415BF7A351B}.Release|Any CPU.ActiveCfg = Release|Any CPU
		{148728F7-1764-4764-A427-9415BF7A351B}.Release|Any CPU.Build.0 = Release|Any CPU
	EndGlobalSection
	GlobalSection(SolutionProperties) = preSolution
		HideSolutionNode = FALSE
	EndGlobalSection
	GlobalSection(ExtensibilityGlobals) = postSolution
		SolutionGuid = {747E7BD6-F1EB-4F1E-9996-4C44E8E162AD}
	EndGlobalSection
EndGlobal
